
Microsoft Visual Studio Solution File, Format Version 12.00
# Visual Studio Version 17
VisualStudioVersion = 17.3.32825.248
MinimumVisualStudioVersion = 10.0.40219.1
Project("{9A19103F-16F7-4668-BE54-9A1E7A4F7556}") = "ConsoleAppCShapNET", "ConsoleAppCShapNET\ConsoleAppCShapNET.csproj", "{48D7E8AD-F3C7-4529-99DF-BEB8418E8B6D}"
EndProject
Project("{9A19103F-16F7-4668-BE54-9A1E7A4F7556}") = "OOP.DelegatePro", "OOP.DelegatePro\OOP.DelegatePro.csproj", "{DAD4563E-8BC3-4B0F-8AB3-5C0C5A6249C6}"
EndProject
Project("{9A19103F-16F7-4668-BE54-9A1E7A4F7556}") = "OOP.LinQ", "OOP.LinQ\OOP.LinQ.csproj", "{3ADFDE34-C9E7-42A4-A902-27F41075419C}"
EndProject
Project("{9A19103F-16F7-4668-BE54-9A1E7A4F7556}") = "SOLID.OOP.SRP", "SOLID.OOP.SRP\SOLID.OOP.SRP.csproj", "{807D8B1B-A4C9-452B-9B02-4196B6710B57}"
EndProject
Project("{9A19103F-16F7-4668-BE54-9A1E7A4F7556}") = "SOLID.OOP.OCP", "SOLID.OOP.OCP\SOLID.OOP.OCP.csproj", "{15C50113-66FB-4C69-BC00-96370F7D27BF}"
EndProject
Project("{FAE04EC0-301F-11D3-BF4B-00C04F79EFBC}") = "SOLID.OOP.ISP", "SOLID.OOP.ISP\SOLID.OOP.ISP.csproj", "{71AB18C4-08C4-404C-9C37-A2EA31FF6706}"
EndProject
Global
	GlobalSection(SolutionConfigurationPlatforms) = preSolution
		Debug|Any CPU = Debug|Any CPU
		Release|Any CPU = Release|Any CPU
	EndGlobalSection
	GlobalSection(ProjectConfigurationPlatforms) = postSolution
		{48D7E8AD-F3C7-4529-99DF-BEB8418E8B6D}.Debug|Any CPU.ActiveCfg = Debug|Any CPU
		{48D7E8AD-F3C7-4529-99DF-BEB8418E8B6D}.Debug|Any CPU.Build.0 = Debug|Any CPU
		{48D7E8AD-F3C7-4529-99DF-BEB8418E8B6D}.Release|Any CPU.ActiveCfg = Release|Any CPU
		{48D7E8AD-F3C7-4529-99DF-BEB8418E8B6D}.Release|Any CPU.Build.0 = Release|Any CPU
		{DAD4563E-8BC3-4B0F-8AB3-5C0C5A6249C6}.Debug|Any CPU.ActiveCfg = Debug|Any CPU
		{DAD4563E-8BC3-4B0F-8AB3-5C0C5A6249C6}.Debug|Any CPU.Build.0 = Debug|Any CPU
		{DAD4563E-8BC3-4B0F-8AB3-5C0C5A6249C6}.Release|Any CPU.ActiveCfg = Release|Any CPU
		{DAD4563E-8BC3-4B0F-8AB3-5C0C5A6249C6}.Release|Any CPU.Build.0 = Release|Any CPU
		{3ADFDE34-C9E7-42A4-A902-27F41075419C}.Debug|Any CPU.ActiveCfg = Debug|Any CPU
		{3ADFDE34-C9E7-42A4-A902-27F41075419C}.Debug|Any CPU.Build.0 = Debug|Any CPU
		{3ADFDE34-C9E7-42A4-A902-27F41075419C}.Release|Any CPU.ActiveCfg = Release|Any CPU
		{3ADFDE34-C9E7-42A4-A902-27F41075419C}.Release|Any CPU.Build.0 = Release|Any CPU
		{807D8B1B-A4C9-452B-9B02-4196B6710B57}.Debug|Any CPU.ActiveCfg = Debug|Any CPU
		{807D8B1B-A4C9-452B-9B02-4196B6710B57}.Debug|Any CPU.Build.0 = Debug|Any CPU
		{807D8B1B-A4C9-452B-9B02-4196B6710B57}.Release|Any CPU.ActiveCfg = Release|Any CPU
		{807D8B1B-A4C9-452B-9B02-4196B6710B57}.Release|Any CPU.Build.0 = Release|Any CPU
		{15C50113-66FB-4C69-BC00-96370F7D27BF}.Debug|Any CPU.ActiveCfg = Debug|Any CPU
		{15C50113-66FB-4C69-BC00-96370F7D27BF}.Debug|Any CPU.Build.0 = Debug|Any CPU
		{15C50113-66FB-4C69-BC00-96370F7D27BF}.Release|Any CPU.ActiveCfg = Release|Any CPU
		{15C50113-66FB-4C69-BC00-96370F7D27BF}.Release|Any CPU.Build.0 = Release|Any CPU
		{71AB18C4-08C4-404C-9C37-A2EA31FF6706}.Debug|Any CPU.ActiveCfg = Debug|Any CPU
		{71AB18C4-08C4-404C-9C37-A2EA31FF6706}.Debug|Any CPU.Build.0 = Debug|Any CPU
		{71AB18C4-08C4-404C-9C37-A2EA31FF6706}.Release|Any CPU.ActiveCfg = Release|Any CPU
		{71AB18C4-08C4-404C-9C37-A2EA31FF6706}.Release|Any CPU.Build.0 = Release|Any CPU
	EndGlobalSection
	GlobalSection(SolutionProperties) = preSolution
		HideSolutionNode = FALSE
	EndGlobalSection
	GlobalSection(ExtensibilityGlobals) = postSolution
		SolutionGuid = {40AD4F23-B7DB-4F88-951B-27B141E4CC89}
	EndGlobalSection
EndGlobal
